{
  "originHash" : "a4c8fa25cee19a9078d47ec89925c5c4b4002e8b3034aeeda6652fdc6ba468e0",
  "pins" : [
    {
      "identity" : "launchatlogin-modern",
      "kind" : "remoteSourceControl",
      "location" : "https://github.com/sindresorhus/LaunchAtLogin-Modern",
      "state" : {
        "branch" : "main",
        "revision" : "a04ec1c363be3627734f6dad757d82f5d4fa8fcc"
      }
    },
    {
      "identity" : "openmultitouchsupport",
      "kind" : "remoteSourceControl",
      "location" : "https://github.com/Kyome22/OpenMultitouchSupport",
      "state" : {
        "revision" : "d7ec2276bea98711530dc610eb05563e9e1ce342",
        "version" : "3.0.3"
      }
    }
  ],
  "version" : 3
}
